
Microsoft Visual Studio Solution File, Format Version 12.00
# Visual Studio Version 17
VisualStudioVersion = 17.2.32630.192
MinimumVisualStudioVersion = 10.0.40219.1
Project("{FAE04EC0-301F-11D3-BF4B-00C04F79EFBC}") = "FuelingServices", "Server\FuelingManagerService\FuelingServices.csproj", "{9BE483E2-D6C1-42D2-A730-FFA2399D24A0}"
EndProject
Project("{FAE04EC0-301F-11D3-BF4B-00C04F79EFBC}") = "Host", "Server\Host\Host.csproj", "{375EFAD7-51F5-4C82-B86C-D2A59E451ABE}"
EndProject
Project("{FAE04EC0-301F-11D3-BF4B-00C04F79EFBC}") = "Model", "Server\Model\Model.csproj", "{901DC6AF-A827-4FF7-A334-DF341B23BA72}"
EndProject
Project("{FAE04EC0-301F-11D3-BF4B-00C04F79EFBC}") = "ViewModel", "Server\ViewModel\ViewModel.csproj", "{6ABF98F8-C9FA-47A2-B3C4-733C6D671265}"
EndProject
Project("{2150E333-8FDC-42A3-9474-1A3956D46DE8}") = "DB", "DB", "{61BB7615-C9C3-4568-97F7-0C301D8C009B}"
	ProjectSection(SolutionItems) = preProject
		DB\‏‏FulingManager.mdb = DB\‏‏FulingManager.mdb
	EndProjectSection
EndProject
Project("{2150E333-8FDC-42A3-9474-1A3956D46DE8}") = "Server", "Server", "{9F52B558-0D82-4C20-AD76-5E9E0344320A}"
EndProject
Project("{2150E333-8FDC-42A3-9474-1A3956D46DE8}") = "Clients", "Clients", "{0217E64E-34A0-40A4-A358-645288B6557D}"
EndProject
Project("{2150E333-8FDC-42A3-9474-1A3956D46DE8}") = "AdminClient", "AdminClient", "{CBDB56F8-A7A1-4708-9148-B6538D2ADB08}"
EndProject
Project("{2150E333-8FDC-42A3-9474-1A3956D46DE8}") = "FleetManagerClient", "FleetManagerClient", "{542589E4-E80E-4684-8558-ABA349F55FF0}"
EndProject
Project("{2150E333-8FDC-42A3-9474-1A3956D46DE8}") = "FuelingSimulatorClient", "FuelingSimulatorClient", "{11ACBC31-70A9-44F9-A7EF-63B2BF294217}"
EndProject
Project("{FAE04EC0-301F-11D3-BF4B-00C04F79EFBC}") = "FuelingSimulatorClient", "Clients\FuelingSimulatorClient\FuelingSimulatorClient.csproj", "{6B8A9D6B-BADE-4C81-A574-E0A17E7B4AE3}"
EndProject
Project("{FAE04EC0-301F-11D3-BF4B-00C04F79EFBC}") = "AdminClient", "Clients\AdminClient\AdminClient.csproj", "{529C83EC-A189-4054-AFEF-C9AE8182D387}"
EndProject
Project("{FAE04EC0-301F-11D3-BF4B-00C04F79EFBC}") = "FleetManagerClient", "Clients\FleetManagerClient\FleetManagerClient.csproj", "{D2EB959D-4174-43F3-9896-290EAACAD373}"
EndProject
Project("{FAE04EC0-301F-11D3-BF4B-00C04F79EFBC}") = "Themes", "Themes\Themes.csproj", "{F26BDEE3-10C3-4A43-8FA4-5D83334A259E}"
EndProject
Global
	GlobalSection(SolutionConfigurationPlatforms) = preSolution
		Debug|Any CPU = Debug|Any CPU
		Release|Any CPU = Release|Any CPU
	EndGlobalSection
	GlobalSection(ProjectConfigurationPlatforms) = postSolution
		{9BE483E2-D6C1-42D2-A730-FFA2399D24A0}.Debug|Any CPU.ActiveCfg = Debug|Any CPU
		{9BE483E2-D6C1-42D2-A730-FFA2399D24A0}.Debug|Any CPU.Build.0 = Debug|Any CPU
		{9BE483E2-D6C1-42D2-A730-FFA2399D24A0}.Release|Any CPU.ActiveCfg = Release|Any CPU
		{9BE483E2-D6C1-42D2-A730-FFA2399D24A0}.Release|Any CPU.Build.0 = Release|Any CPU
		{375EFAD7-51F5-4C82-B86C-D2A59E451ABE}.Debug|Any CPU.ActiveCfg = Debug|Any CPU
		{375EFAD7-51F5-4C82-B86C-D2A59E451ABE}.Debug|Any CPU.Build.0 = Debug|Any CPU
		{375EFAD7-51F5-4C82-B86C-D2A59E451ABE}.Release|Any CPU.ActiveCfg = Release|Any CPU
		{375EFAD7-51F5-4C82-B86C-D2A59E451ABE}.Release|Any CPU.Build.0 = Release|Any CPU
		{901DC6AF-A827-4FF7-A334-DF341B23BA72}.Debug|Any CPU.ActiveCfg = Debug|Any CPU
		{901DC6AF-A827-4FF7-A334-DF341B23BA72}.Debug|Any CPU.Build.0 = Debug|Any CPU
		{901DC6AF-A827-4FF7-A334-DF341B23BA72}.Release|Any CPU.ActiveCfg = Release|Any CPU
		{901DC6AF-A827-4FF7-A334-DF341B23BA72}.Release|Any CPU.Build.0 = Release|Any CPU
		{6ABF98F8-C9FA-47A2-B3C4-733C6D671265}.Debug|Any CPU.ActiveCfg = Debug|Any CPU
		{6ABF98F8-C9FA-47A2-B3C4-733C6D671265}.Debug|Any CPU.Build.0 = Debug|Any CPU
		{6ABF98F8-C9FA-47A2-B3C4-733C6D671265}.Release|Any CPU.ActiveCfg = Release|Any CPU
		{6ABF98F8-C9FA-47A2-B3C4-733C6D671265}.Release|Any CPU.Build.0 = Release|Any CPU
		{6B8A9D6B-BADE-4C81-A574-E0A17E7B4AE3}.Debug|Any CPU.ActiveCfg = Debug|Any CPU
		{6B8A9D6B-BADE-4C81-A574-E0A17E7B4AE3}.Debug|Any CPU.Build.0 = Debug|Any CPU
		{6B8A9D6B-BADE-4C81-A574-E0A17E7B4AE3}.Release|Any CPU.ActiveCfg = Release|Any CPU
		{6B8A9D6B-BADE-4C81-A574-E0A17E7B4AE3}.Release|Any CPU.Build.0 = Release|Any CPU
		{529C83EC-A189-4054-AFEF-C9AE8182D387}.Debug|Any CPU.ActiveCfg = Debug|Any CPU
		{529C83EC-A189-4054-AFEF-C9AE8182D387}.Debug|Any CPU.Build.0 = Debug|Any CPU
		{529C83EC-A189-4054-AFEF-C9AE8182D387}.Release|Any CPU.ActiveCfg = Release|Any CPU
		{529C83EC-A189-4054-AFEF-C9AE8182D387}.Release|Any CPU.Build.0 = Release|Any CPU
		{D2EB959D-4174-43F3-9896-290EAACAD373}.Debug|Any CPU.ActiveCfg = Debug|Any CPU
		{D2EB959D-4174-43F3-9896-290EAACAD373}.Debug|Any CPU.Build.0 = Debug|Any CPU
		{D2EB959D-4174-43F3-9896-290EAACAD373}.Release|Any CPU.ActiveCfg = Release|Any CPU
		{D2EB959D-4174-43F3-9896-290EAACAD373}.Release|Any CPU.Build.0 = Release|Any CPU
		{F26BDEE3-10C3-4A43-8FA4-5D83334A259E}.Debug|Any CPU.ActiveCfg = Debug|Any CPU
		{F26BDEE3-10C3-4A43-8FA4-5D83334A259E}.Debug|Any CPU.Build.0 = Debug|Any CPU
		{F26BDEE3-10C3-4A43-8FA4-5D83334A259E}.Release|Any CPU.ActiveCfg = Release|Any CPU
		{F26BDEE3-10C3-4A43-8FA4-5D83334A259E}.Release|Any CPU.Build.0 = Release|Any CPU
	EndGlobalSection
	GlobalSection(SolutionProperties) = preSolution
		HideSolutionNode = FALSE
	EndGlobalSection
	GlobalSection(NestedProjects) = preSolution
		{9BE483E2-D6C1-42D2-A730-FFA2399D24A0} = {9F52B558-0D82-4C20-AD76-5E9E0344320A}
		{375EFAD7-51F5-4C82-B86C-D2A59E451ABE} = {9F52B558-0D82-4C20-AD76-5E9E0344320A}
		{901DC6AF-A827-4FF7-A334-DF341B23BA72} = {9F52B558-0D82-4C20-AD76-5E9E0344320A}
		{6ABF98F8-C9FA-47A2-B3C4-733C6D671265} = {9F52B558-0D82-4C20-AD76-5E9E0344320A}
		{CBDB56F8-A7A1-4708-9148-B6538D2ADB08} = {0217E64E-34A0-40A4-A358-645288B6557D}
		{542589E4-E80E-4684-8558-ABA349F55FF0} = {0217E64E-34A0-40A4-A358-645288B6557D}
		{11ACBC31-70A9-44F9-A7EF-63B2BF294217} = {0217E64E-34A0-40A4-A358-645288B6557D}
		{6B8A9D6B-BADE-4C81-A574-E0A17E7B4AE3} = {11ACBC31-70A9-44F9-A7EF-63B2BF294217}
		{529C83EC-A189-4054-AFEF-C9AE8182D387} = {CBDB56F8-A7A1-4708-9148-B6538D2ADB08}
		{D2EB959D-4174-43F3-9896-290EAACAD373} = {542589E4-E80E-4684-8558-ABA349F55FF0}
	EndGlobalSection
	GlobalSection(ExtensibilityGlobals) = postSolution
		SolutionGuid = {A12E1D98-B77E-41FD-B315-7D3AA76C03A0}
	EndGlobalSection
EndGlobal
